
Microsoft Visual Studio Solution File, Format Version 12.00
# Visual Studio 15
VisualStudioVersion = 15.0.28307.1321
MinimumVisualStudioVersion = 10.0.40219.1
Project("{2150E333-8FDC-42A3-9474-1A3956D46DE8}") = "SystemFrameworksProjects", "SystemFrameworksProjects", "{9C6BD4CE-19BE-4A56-8A66-271AB1AF9D50}"
EndProject
Project("{2150E333-8FDC-42A3-9474-1A3956D46DE8}") = "WinUIProjects", "WinUIProjects", "{3207F897-81F4-46B3-B43A-5BF758824AF5}"
EndProject
Project("{FAE04EC0-301F-11D3-BF4B-00C04F79EFBC}") = "Utilities.CommonUI", "SystemFrameworksProjects\Utilities.CommonUI\Utilities.CommonUI.csproj", "{A4B7A3CC-4D00-4770-AF42-C6BF17F401ED}"
EndProject
Project("{FAE04EC0-301F-11D3-BF4B-00C04F79EFBC}") = "RecordManagement", "WinUIProjects\RecordManagement\RecordManagement.csproj", "{1DAF924B-69F8-4216-B14E-A8B91A98074E}"
EndProject
Project("{FAE04EC0-301F-11D3-BF4B-00C04F79EFBC}") = "OverView", "WinUIProjects\OverView\OverView.csproj", "{7758464B-D1C4-44DE-8784-4BFA60A8988A}"
EndProject
Project("{FAE04EC0-301F-11D3-BF4B-00C04F79EFBC}") = "FocusGroup", "WinUIProjects\FocusGroup\FocusGroup.csproj", "{BF46D33E-D9D3-4733-A937-9A324D4BE006}"
EndProject
Project("{FAE04EC0-301F-11D3-BF4B-00C04F79EFBC}") = "PadPlatform", "WinUIProjects\PadPlatform\PadPlatform.csproj", "{38D6EB7C-DDA1-4C3B-9C0A-5D16B6E0D0A8}"
EndProject
Project("{FAE04EC0-301F-11D3-BF4B-00C04F79EFBC}") = "PrintPlatform", "WinUIProjects\PrintPlatform\PrintPlatform.csproj", "{DC51B794-314F-4F21-B3DD-D55DE55B0383}"
EndProject
Project("{FAE04EC0-301F-11D3-BF4B-00C04F79EFBC}") = "MedicalService", "WinUIProjects\MedicalService\MedicalService.csproj", "{3F1825F7-2268-4E31-89B5-FB59BF412A4E}"
EndProject
Project("{FAE04EC0-301F-11D3-BF4B-00C04F79EFBC}") = "TypeBUI", "WinUIProjects\TypeBUI\TypeBUI.csproj", "{4E8B674D-FB68-42C6-A1A6-A79664E29AB8}"
EndProject
Project("{FAE04EC0-301F-11D3-BF4B-00C04F79EFBC}") = "FingerPrint", "WinUIProjects\FingerPrint\FingerPrint.csproj", "{0D858C57-CCEC-4669-A053-4DA33F8A3D29}"
EndProject
Project("{2150E333-8FDC-42A3-9474-1A3956D46DE8}") = "HealthHouse", "HealthHouse", "{B38C0126-266A-4BEF-B7EB-CB55BB4FE412}"
EndProject
Project("{FAE04EC0-301F-11D3-BF4B-00C04F79EFBC}") = "HealthHouse", "HealthHouse\HealthHouse\HealthHouse.csproj", "{8706503A-9934-4A8D-9B92-B1455DFBBB54}"
EndProject
Project("{FAE04EC0-301F-11D3-BF4B-00C04F79EFBC}") = "HealthNewPrint", "HealthHouse\HealthNewPrint\HealthNewPrint.csproj", "{241ED078-EF7A-4692-8147-BE9AF47D74F0}"
EndProject
Project("{FAE04EC0-301F-11D3-BF4B-00C04F79EFBC}") = "Utilities.CommonControl", "SystemFrameworksProjects\Utilities.CommonControl\Utilities.CommonControl.csproj", "{87D63522-D4D3-401A-B734-EF0B3F5767A4}"
EndProject
Project("{FAE04EC0-301F-11D3-BF4B-00C04F79EFBC}") = "PhotoGraph", "WinUIProjects\PhotoGraph\PhotoGraph.csproj", "{1248CD0E-1886-47C2-B4EE-4EF2AAA88282}"
EndProject
Project("{FAE04EC0-301F-11D3-BF4B-00C04F79EFBC}") = "DataUpload", "WinUIProjects\DataUpload\DataUpload.csproj", "{A326E3E4-4175-452D-BA98-93F5971162F9}"
EndProject
Project("{2150E333-8FDC-42A3-9474-1A3956D46DE8}") = "DataAccessProjects", "DataAccessProjects", "{1498042D-7594-4957-B9B7-2AD96443FADD}"
EndProject
Project("{FAE04EC0-301F-11D3-BF4B-00C04F79EFBC}") = "Model", "DataAccessProjects\Model\Model.csproj", "{CF316D09-EEAD-4E9F-AEF5-BE10E341CAB7}"
EndProject
Project("{FAE04EC0-301F-11D3-BF4B-00C04F79EFBC}") = "DAL", "DataAccessProjects\DAL\DAL.csproj", "{3014AEAB-B113-4D34-A8A9-C88DC6F00B48}"
EndProject
Project("{FAE04EC0-301F-11D3-BF4B-00C04F79EFBC}") = "BLL", "DataAccessProjects\BLL\BLL.csproj", "{88DB6CEA-C1D8-4CA8-8920-D84FACD56AF9}"
EndProject
Project("{FAE04EC0-301F-11D3-BF4B-00C04F79EFBC}") = "Utilities.Common", "SystemFrameworksProjects\Utilities.Common\Utilities.Common.csproj", "{8F302C1F-01D0-4D2F-A921-07927ADB3B9C}"
EndProject
Project("{FAE04EC0-301F-11D3-BF4B-00C04F79EFBC}") = "Utilities.MySQLHelper", "SystemFrameworksProjects\Utilities.MySQLHelper\Utilities.MySQLHelper.csproj", "{F53E47A2-10C9-4616-A324-BFC822910846}"
EndProject
Project("{FAE04EC0-301F-11D3-BF4B-00C04F79EFBC}") = "Utilities.SQLHelper", "SystemFrameworksProjects\Utilities.SQLHelper\Utilities.SQLHelper.csproj", "{A4ED099C-45D2-46DC-A173-F4E464B1DE28}"
EndProject
Project("{FAE04EC0-301F-11D3-BF4B-00C04F79EFBC}") = "Utilities.SQLiteHelper", "SystemFrameworksProjects\Utilities.SQLiteHelper\Utilities.SQLiteHelper.csproj", "{B0EE4264-D664-4179-B072-06EE9DFE6228}"
EndProject
Project("{FAE04EC0-301F-11D3-BF4B-00C04F79EFBC}") = "Utilities.CommonTools", "SystemFrameworksProjects\Utilities.CommonTools\Utilities.CommonTools.csproj", "{B309E324-C5EB-4C31-96CF-5E578AC11CB3}"
EndProject
Project("{2150E333-8FDC-42A3-9474-1A3956D46DE8}") = "CommomDataAccessProjects", "CommomDataAccessProjects", "{416AA760-23CB-49C2-88DA-1754EF57FA9A}"
EndProject
Project("{FAE04EC0-301F-11D3-BF4B-00C04F79EFBC}") = "CommonBLL", "CommomDataAccessProjects\CommonBLL\CommonBLL.csproj", "{34E85712-FA76-42AE-BB3B-67BF3DE38E24}"
EndProject
Project("{FAE04EC0-301F-11D3-BF4B-00C04F79EFBC}") = "CommonDAL", "CommomDataAccessProjects\CommonDAL\CommonDAL.csproj", "{9335DB17-CFFB-4C95-AE99-B23E1DE7AE7E}"
EndProject
Project("{FAE04EC0-301F-11D3-BF4B-00C04F79EFBC}") = "CommonModel", "CommomDataAccessProjects\CommonModel\CommonModel.csproj", "{0735C456-1380-4BFA-9601-C652AA50D340}"
EndProject
Project("{2150E333-8FDC-42A3-9474-1A3956D46DE8}") = "CommomSystemFrameworksProjects", "CommomSystemFrameworksProjects", "{4F7310B1-D33E-4CD8-B88F-08A01EAD0FB6}"
EndProject
Project("{FAE04EC0-301F-11D3-BF4B-00C04F79EFBC}") = "CommomUtilities.Common", "CommomSystemFrameworksProjects\CommomUtilities.Common\CommomUtilities.Common.csproj", "{EEC93D34-CCB4-48C5-A343-0199A860F4DD}"
EndProject
Project("{FAE04EC0-301F-11D3-BF4B-00C04F79EFBC}") = "CommonUtilities.SQL", "CommomSystemFrameworksProjects\CommonUtilities.SQL\CommonUtilities.SQL.csproj", "{E0609CD5-AFAD-4558-B305-227CCAA768FB}"
EndProject
Project("{FAE04EC0-301F-11D3-BF4B-00C04F79EFBC}") = "CommonUtilities.WebServiceHelper", "CommomSystemFrameworksProjects\CommonUtilities.WebServiceHelper\CommonUtilities.WebServiceHelper.csproj", "{365CFE19-FB74-4A16-A500-76B6C18A1A10}"
EndProject
Project("{FAE04EC0-301F-11D3-BF4B-00C04F79EFBC}") = "Utilities.CommunicationData", "SystemFrameworksProjects\Utilities.CommunicationData\Utilities.CommunicationData.csproj", "{C326F026-D7A4-4429-A423-07593C1441BB}"
EndProject
Project("{FAE04EC0-301F-11D3-BF4B-00C04F79EFBC}") = "Utilities.BlueToothTools", "SystemFrameworksProjects\Utilities.BlueToothTools\Utilities.BlueToothTools.csproj", "{3192E0D6-7BA1-443E-98F8-7DA6AA54A533}"
EndProject
Global
	GlobalSection(SolutionConfigurationPlatforms) = preSolution
		Debug|Any CPU = Debug|Any CPU
		Debug|Mixed Platforms = Debug|Mixed Platforms
		Debug|x86 = Debug|x86
		Release|Any CPU = Release|Any CPU
		Release|Mixed Platforms = Release|Mixed Platforms
		Release|x86 = Release|x86
	EndGlobalSection
	GlobalSection(ProjectConfigurationPlatforms) = postSolution
		{A4B7A3CC-4D00-4770-AF42-C6BF17F401ED}.Debug|Any CPU.ActiveCfg = Debug|Any CPU
		{A4B7A3CC-4D00-4770-AF42-C6BF17F401ED}.Debug|Any CPU.Build.0 = Debug|Any CPU
		{A4B7A3CC-4D00-4770-AF42-C6BF17F401ED}.Debug|Mixed Platforms.ActiveCfg = Debug|Any CPU
		{A4B7A3CC-4D00-4770-AF42-C6BF17F401ED}.Debug|Mixed Platforms.Build.0 = Debug|Any CPU
		{A4B7A3CC-4D00-4770-AF42-C6BF17F401ED}.Debug|x86.ActiveCfg = Debug|Any CPU
		{A4B7A3CC-4D00-4770-AF42-C6BF17F401ED}.Release|Any CPU.ActiveCfg = Debug|Any CPU
		{A4B7A3CC-4D00-4770-AF42-C6BF17F401ED}.Release|Any CPU.Build.0 = Debug|Any CPU
		{A4B7A3CC-4D00-4770-AF42-C6BF17F401ED}.Release|Mixed Platforms.ActiveCfg = Debug|Any CPU
		{A4B7A3CC-4D00-4770-AF42-C6BF17F401ED}.Release|Mixed Platforms.Build.0 = Debug|Any CPU
		{A4B7A3CC-4D00-4770-AF42-C6BF17F401ED}.Release|x86.ActiveCfg = Debug|Any CPU
		{A4B7A3CC-4D00-4770-AF42-C6BF17F401ED}.Release|x86.Build.0 = Debug|Any CPU
		{1DAF924B-69F8-4216-B14E-A8B91A98074E}.Debug|Any CPU.ActiveCfg = Debug|Any CPU
		{1DAF924B-69F8-4216-B14E-A8B91A98074E}.Debug|Any CPU.Build.0 = Debug|Any CPU
		{1DAF924B-69F8-4216-B14E-A8B91A98074E}.Debug|Mixed Platforms.ActiveCfg = Debug|Any CPU
		{1DAF924B-69F8-4216-B14E-A8B91A98074E}.Debug|Mixed Platforms.Build.0 = Debug|Any CPU
		{1DAF924B-69F8-4216-B14E-A8B91A98074E}.Debug|x86.ActiveCfg = Debug|Any CPU
		{1DAF924B-69F8-4216-B14E-A8B91A98074E}.Release|Any CPU.ActiveCfg = Debug|Any CPU
		{1DAF924B-69F8-4216-B14E-A8B91A98074E}.Release|Any CPU.Build.0 = Debug|Any CPU
		{1DAF924B-69F8-4216-B14E-A8B91A98074E}.Release|Mixed Platforms.ActiveCfg = Debug|Any CPU
		{1DAF924B-69F8-4216-B14E-A8B91A98074E}.Release|Mixed Platforms.Build.0 = Debug|Any CPU
		{1DAF924B-69F8-4216-B14E-A8B91A98074E}.Release|x86.ActiveCfg = Debug|Any CPU
		{1DAF924B-69F8-4216-B14E-A8B91A98074E}.Release|x86.Build.0 = Debug|Any CPU
		{7758464B-D1C4-44DE-8784-4BFA60A8988A}.Debug|Any CPU.ActiveCfg = Debug|Any CPU
		{7758464B-D1C4-44DE-8784-4BFA60A8988A}.Debug|Any CPU.Build.0 = Debug|Any CPU
		{7758464B-D1C4-44DE-8784-4BFA60A8988A}.Debug|Mixed Platforms.ActiveCfg = Debug|Any CPU
		{7758464B-D1C4-44DE-8784-4BFA60A8988A}.Debug|Mixed Platforms.Build.0 = Debug|Any CPU
		{7758464B-D1C4-44DE-8784-4BFA60A8988A}.Debug|x86.ActiveCfg = Debug|Any CPU
		{7758464B-D1C4-44DE-8784-4BFA60A8988A}.Release|Any CPU.ActiveCfg = Debug|Any CPU
		{7758464B-D1C4-44DE-8784-4BFA60A8988A}.Release|Any CPU.Build.0 = Debug|Any CPU
		{7758464B-D1C4-44DE-8784-4BFA60A8988A}.Release|Mixed Platforms.ActiveCfg = Debug|Any CPU
		{7758464B-D1C4-44DE-8784-4BFA60A8988A}.Release|Mixed Platforms.Build.0 = Debug|Any CPU
		{7758464B-D1C4-44DE-8784-4BFA60A8988A}.Release|x86.ActiveCfg = Debug|Any CPU
		{7758464B-D1C4-44DE-8784-4BFA60A8988A}.Release|x86.Build.0 = Debug|Any CPU
		{BF46D33E-D9D3-4733-A937-9A324D4BE006}.Debug|Any CPU.ActiveCfg = Debug|Any CPU
		{BF46D33E-D9D3-4733-A937-9A324D4BE006}.Debug|Any CPU.Build.0 = Debug|Any CPU
		{BF46D33E-D9D3-4733-A937-9A324D4BE006}.Debug|Mixed Platforms.ActiveCfg = Debug|Any CPU
		{BF46D33E-D9D3-4733-A937-9A324D4BE006}.Debug|Mixed Platforms.Build.0 = Debug|Any CPU
		{BF46D33E-D9D3-4733-A937-9A324D4BE006}.Debug|x86.ActiveCfg = Debug|Any CPU
		{BF46D33E-D9D3-4733-A937-9A324D4BE006}.Debug|x86.Build.0 = Debug|Any CPU
		{BF46D33E-D9D3-4733-A937-9A324D4BE006}.Release|Any CPU.ActiveCfg = Debug|Any CPU
		{BF46D33E-D9D3-4733-A937-9A324D4BE006}.Release|Any CPU.Build.0 = Debug|Any CPU
		{BF46D33E-D9D3-4733-A937-9A324D4BE006}.Release|Mixed Platforms.ActiveCfg = Debug|Any CPU
		{BF46D33E-D9D3-4733-A937-9A324D4BE006}.Release|Mixed Platforms.Build.0 = Debug|Any CPU
		{BF46D33E-D9D3-4733-A937-9A324D4BE006}.Release|x86.ActiveCfg = Debug|Any CPU
		{BF46D33E-D9D3-4733-A937-9A324D4BE006}.Release|x86.Build.0 = Debug|Any CPU
		{38D6EB7C-DDA1-4C3B-9C0A-5D16B6E0D0A8}.Debug|Any CPU.ActiveCfg = Debug|Any CPU
		{38D6EB7C-DDA1-4C3B-9C0A-5D16B6E0D0A8}.Debug|Any CPU.Build.0 = Debug|Any CPU
		{38D6EB7C-DDA1-4C3B-9C0A-5D16B6E0D0A8}.Debug|Mixed Platforms.ActiveCfg = Debug|Any CPU
		{38D6EB7C-DDA1-4C3B-9C0A-5D16B6E0D0A8}.Debug|Mixed Platforms.Build.0 = Debug|Any CPU
		{38D6EB7C-DDA1-4C3B-9C0A-5D16B6E0D0A8}.Debug|x86.ActiveCfg = Debug|Any CPU
		{38D6EB7C-DDA1-4C3B-9C0A-5D16B6E0D0A8}.Release|Any CPU.ActiveCfg = Debug|Any CPU
		{38D6EB7C-DDA1-4C3B-9C0A-5D16B6E0D0A8}.Release|Any CPU.Build.0 = Debug|Any CPU
		{38D6EB7C-DDA1-4C3B-9C0A-5D16B6E0D0A8}.Release|Mixed Platforms.ActiveCfg = Debug|Any CPU
		{38D6EB7C-DDA1-4C3B-9C0A-5D16B6E0D0A8}.Release|Mixed Platforms.Build.0 = Debug|Any CPU
		{38D6EB7C-DDA1-4C3B-9C0A-5D16B6E0D0A8}.Release|x86.ActiveCfg = Debug|Any CPU
		{38D6EB7C-DDA1-4C3B-9C0A-5D16B6E0D0A8}.Release|x86.Build.0 = Debug|Any CPU
		{DC51B794-314F-4F21-B3DD-D55DE55B0383}.Debug|Any CPU.ActiveCfg = Debug|x86
		{DC51B794-314F-4F21-B3DD-D55DE55B0383}.Debug|Any CPU.Build.0 = Debug|x86
		{DC51B794-314F-4F21-B3DD-D55DE55B0383}.Debug|Mixed Platforms.ActiveCfg = Debug|x86
		{DC51B794-314F-4F21-B3DD-D55DE55B0383}.Debug|Mixed Platforms.Build.0 = Debug|x86
		{DC51B794-314F-4F21-B3DD-D55DE55B0383}.Debug|x86.ActiveCfg = Debug|x86
		{DC51B794-314F-4F21-B3DD-D55DE55B0383}.Debug|x86.Build.0 = Debug|x86
		{DC51B794-314F-4F21-B3DD-D55DE55B0383}.Release|Any CPU.ActiveCfg = Debug|Any CPU
		{DC51B794-314F-4F21-B3DD-D55DE55B0383}.Release|Any CPU.Build.0 = Debug|Any CPU
		{DC51B794-314F-4F21-B3DD-D55DE55B0383}.Release|Mixed Platforms.ActiveCfg = Debug|x86
		{DC51B794-314F-4F21-B3DD-D55DE55B0383}.Release|Mixed Platforms.Build.0 = Debug|x86
		{DC51B794-314F-4F21-B3DD-D55DE55B0383}.Release|x86.ActiveCfg = Debug|x86
		{DC51B794-314F-4F21-B3DD-D55DE55B0383}.Release|x86.Build.0 = Debug|x86
		{3F1825F7-2268-4E31-89B5-FB59BF412A4E}.Debug|Any CPU.ActiveCfg = Debug|Any CPU
		{3F1825F7-2268-4E31-89B5-FB59BF412A4E}.Debug|Any CPU.Build.0 = Debug|Any CPU
		{3F1825F7-2268-4E31-89B5-FB59BF412A4E}.Debug|Mixed Platforms.ActiveCfg = Debug|Any CPU
		{3F1825F7-2268-4E31-89B5-FB59BF412A4E}.Debug|Mixed Platforms.Build.0 = Debug|Any CPU
		{3F1825F7-2268-4E31-89B5-FB59BF412A4E}.Debug|x86.ActiveCfg = Debug|Any CPU
		{3F1825F7-2268-4E31-89B5-FB59BF412A4E}.Release|Any CPU.ActiveCfg = Debug|Any CPU
		{3F1825F7-2268-4E31-89B5-FB59BF412A4E}.Release|Any CPU.Build.0 = Debug|Any CPU
		{3F1825F7-2268-4E31-89B5-FB59BF412A4E}.Release|Mixed Platforms.ActiveCfg = Debug|Any CPU
		{3F1825F7-2268-4E31-89B5-FB59BF412A4E}.Release|Mixed Platforms.Build.0 = Debug|Any CPU
		{3F1825F7-2268-4E31-89B5-FB59BF412A4E}.Release|x86.ActiveCfg = Debug|Any CPU
		{3F1825F7-2268-4E31-89B5-FB59BF412A4E}.Release|x86.Build.0 = Debug|Any CPU
		{4E8B674D-FB68-42C6-A1A6-A79664E29AB8}.Debug|Any CPU.ActiveCfg = Debug|Any CPU
		{4E8B674D-FB68-42C6-A1A6-A79664E29AB8}.Debug|Any CPU.Build.0 = Debug|Any CPU
		{4E8B674D-FB68-42C6-A1A6-A79664E29AB8}.Debug|Mixed Platforms.ActiveCfg = Debug|Any CPU
		{4E8B674D-FB68-42C6-A1A6-A79664E29AB8}.Debug|Mixed Platforms.Build.0 = Debug|Any CPU
		{4E8B674D-FB68-42C6-A1A6-A79664E29AB8}.Debug|x86.ActiveCfg = Debug|Any CPU
		{4E8B674D-FB68-42C6-A1A6-A79664E29AB8}.Release|Any CPU.ActiveCfg = Debug|Any CPU
		{4E8B674D-FB68-42C6-A1A6-A79664E29AB8}.Release|Any CPU.Build.0 = Debug|Any CPU
		{4E8B674D-FB68-42C6-A1A6-A79664E29AB8}.Release|Mixed Platforms.ActiveCfg = Debug|Any CPU
		{4E8B674D-FB68-42C6-A1A6-A79664E29AB8}.Release|Mixed Platforms.Build.0 = Debug|Any CPU
		{4E8B674D-FB68-42C6-A1A6-A79664E29AB8}.Release|x86.ActiveCfg = Debug|Any CPU
		{4E8B674D-FB68-42C6-A1A6-A79664E29AB8}.Release|x86.Build.0 = Debug|Any CPU
		{0D858C57-CCEC-4669-A053-4DA33F8A3D29}.Debug|Any CPU.ActiveCfg = Debug|x86
		{0D858C57-CCEC-4669-A053-4DA33F8A3D29}.Debug|Any CPU.Build.0 = Debug|x86
		{0D858C57-CCEC-4669-A053-4DA33F8A3D29}.Debug|Mixed Platforms.ActiveCfg = Debug|x86
		{0D858C57-CCEC-4669-A053-4DA33F8A3D29}.Debug|Mixed Platforms.Build.0 = Debug|x86
		{0D858C57-CCEC-4669-A053-4DA33F8A3D29}.Debug|x86.ActiveCfg = Debug|x86
		{0D858C57-CCEC-4669-A053-4DA33F8A3D29}.Debug|x86.Build.0 = Debug|x86
		{0D858C57-CCEC-4669-A053-4DA33F8A3D29}.Release|Any CPU.ActiveCfg = Debug|x86
		{0D858C57-CCEC-4669-A053-4DA33F8A3D29}.Release|Any CPU.Build.0 = Debug|x86
		{0D858C57-CCEC-4669-A053-4DA33F8A3D29}.Release|Mixed Platforms.ActiveCfg = Debug|x86
		{0D858C57-CCEC-4669-A053-4DA33F8A3D29}.Release|Mixed Platforms.Build.0 = Debug|x86
		{0D858C57-CCEC-4669-A053-4DA33F8A3D29}.Release|x86.ActiveCfg = Debug|x86
		{0D858C57-CCEC-4669-A053-4DA33F8A3D29}.Release|x86.Build.0 = Debug|x86
		{8706503A-9934-4A8D-9B92-B1455DFBBB54}.Debug|Any CPU.ActiveCfg = Debug|Any CPU
		{8706503A-9934-4A8D-9B92-B1455DFBBB54}.Debug|Any CPU.Build.0 = Debug|Any CPU
		{8706503A-9934-4A8D-9B92-B1455DFBBB54}.Debug|Mixed Platforms.ActiveCfg = Debug|Any CPU
		{8706503A-9934-4A8D-9B92-B1455DFBBB54}.Debug|Mixed Platforms.Build.0 = Debug|Any CPU
		{8706503A-9934-4A8D-9B92-B1455DFBBB54}.Debug|x86.ActiveCfg = Debug|Any CPU
		{8706503A-9934-4A8D-9B92-B1455DFBBB54}.Release|Any CPU.ActiveCfg = Debug|Any CPU
		{8706503A-9934-4A8D-9B92-B1455DFBBB54}.Release|Any CPU.Build.0 = Debug|Any CPU
		{8706503A-9934-4A8D-9B92-B1455DFBBB54}.Release|Mixed Platforms.ActiveCfg = Debug|Any CPU
		{8706503A-9934-4A8D-9B92-B1455DFBBB54}.Release|Mixed Platforms.Build.0 = Debug|Any CPU
		{8706503A-9934-4A8D-9B92-B1455DFBBB54}.Release|x86.ActiveCfg = Debug|Any CPU
		{8706503A-9934-4A8D-9B92-B1455DFBBB54}.Release|x86.Build.0 = Debug|Any CPU
		{241ED078-EF7A-4692-8147-BE9AF47D74F0}.Debug|Any CPU.ActiveCfg = Debug|x86
		{241ED078-EF7A-4692-8147-BE9AF47D74F0}.Debug|Any CPU.Build.0 = Debug|x86
		{241ED078-EF7A-4692-8147-BE9AF47D74F0}.Debug|Mixed Platforms.ActiveCfg = Debug|x86
		{241ED078-EF7A-4692-8147-BE9AF47D74F0}.Debug|Mixed Platforms.Build.0 = Debug|x86
		{241ED078-EF7A-4692-8147-BE9AF47D74F0}.Debug|x86.ActiveCfg = Debug|x86
		{241ED078-EF7A-4692-8147-BE9AF47D74F0}.Debug|x86.Build.0 = Debug|x86
		{241ED078-EF7A-4692-8147-BE9AF47D74F0}.Release|Any CPU.ActiveCfg = Release|x86
		{241ED078-EF7A-4692-8147-BE9AF47D74F0}.Release|Mixed Platforms.ActiveCfg = Release|x86
		{241ED078-EF7A-4692-8147-BE9AF47D74F0}.Release|Mixed Platforms.Build.0 = Release|x86
		{241ED078-EF7A-4692-8147-BE9AF47D74F0}.Release|x86.ActiveCfg = Release|x86
		{241ED078-EF7A-4692-8147-BE9AF47D74F0}.Release|x86.Build.0 = Release|x86
		{87D63522-D4D3-401A-B734-EF0B3F5767A4}.Debug|Any CPU.ActiveCfg = Debug|Any CPU
		{87D63522-D4D3-401A-B734-EF0B3F5767A4}.Debug|Any CPU.Build.0 = Debug|Any CPU
		{87D63522-D4D3-401A-B734-EF0B3F5767A4}.Debug|Mixed Platforms.ActiveCfg = Debug|Any CPU
		{87D63522-D4D3-401A-B734-EF0B3F5767A4}.Debug|Mixed Platforms.Build.0 = Debug|Any CPU
		{87D63522-D4D3-401A-B734-EF0B3F5767A4}.Debug|x86.ActiveCfg = Debug|Any CPU
		{87D63522-D4D3-401A-B734-EF0B3F5767A4}.Debug|x86.Build.0 = Debug|Any CPU
		{87D63522-D4D3-401A-B734-EF0B3F5767A4}.Release|Any CPU.ActiveCfg = Release|Any CPU
		{87D63522-D4D3-401A-B734-EF0B3F5767A4}.Release|Any CPU.Build.0 = Release|Any CPU
		{87D63522-D4D3-401A-B734-EF0B3F5767A4}.Release|Mixed Platforms.ActiveCfg = Release|Any CPU
		{87D63522-D4D3-401A-B734-EF0B3F5767A4}.Release|Mixed Platforms.Build.0 = Release|Any CPU
		{87D63522-D4D3-401A-B734-EF0B3F5767A4}.Release|x86.ActiveCfg = Release|Any CPU
		{87D63522-D4D3-401A-B734-EF0B3F5767A4}.Release|x86.Build.0 = Release|Any CPU
		{1248CD0E-1886-47C2-B4EE-4EF2AAA88282}.Debug|Any CPU.ActiveCfg = Debug|x86
		{1248CD0E-1886-47C2-B4EE-4EF2AAA88282}.Debug|Mixed Platforms.ActiveCfg = Debug|x86
		{1248CD0E-1886-47C2-B4EE-4EF2AAA88282}.Debug|Mixed Platforms.Build.0 = Debug|x86
		{1248CD0E-1886-47C2-B4EE-4EF2AAA88282}.Debug|x86.ActiveCfg = Debug|x86
		{1248CD0E-1886-47C2-B4EE-4EF2AAA88282}.Debug|x86.Build.0 = Debug|x86
		{1248CD0E-1886-47C2-B4EE-4EF2AAA88282}.Release|Any CPU.ActiveCfg = Release|x86
		{1248CD0E-1886-47C2-B4EE-4EF2AAA88282}.Release|Mixed Platforms.ActiveCfg = Release|x86
		{1248CD0E-1886-47C2-B4EE-4EF2AAA88282}.Release|Mixed Platforms.Build.0 = Release|x86
		{1248CD0E-1886-47C2-B4EE-4EF2AAA88282}.Release|x86.ActiveCfg = Release|x86
		{1248CD0E-1886-47C2-B4EE-4EF2AAA88282}.Release|x86.Build.0 = Release|x86
		{A326E3E4-4175-452D-BA98-93F5971162F9}.Debug|Any CPU.ActiveCfg = Debug|Any CPU
		{A326E3E4-4175-452D-BA98-93F5971162F9}.Debug|Any CPU.Build.0 = Debug|Any CPU
		{A326E3E4-4175-452D-BA98-93F5971162F9}.Debug|Mixed Platforms.ActiveCfg = Debug|Any CPU
		{A326E3E4-4175-452D-BA98-93F5971162F9}.Debug|Mixed Platforms.Build.0 = Debug|Any CPU
		{A326E3E4-4175-452D-BA98-93F5971162F9}.Debug|x86.ActiveCfg = Debug|Any CPU
		{A326E3E4-4175-452D-BA98-93F5971162F9}.Debug|x86.Build.0 = Debug|Any CPU
		{A326E3E4-4175-452D-BA98-93F5971162F9}.Release|Any CPU.ActiveCfg = Release|Any CPU
		{A326E3E4-4175-452D-BA98-93F5971162F9}.Release|Any CPU.Build.0 = Release|Any CPU
		{A326E3E4-4175-452D-BA98-93F5971162F9}.Release|Mixed Platforms.ActiveCfg = Release|Any CPU
		{A326E3E4-4175-452D-BA98-93F5971162F9}.Release|Mixed Platforms.Build.0 = Release|Any CPU
		{A326E3E4-4175-452D-BA98-93F5971162F9}.Release|x86.ActiveCfg = Release|Any CPU
		{A326E3E4-4175-452D-BA98-93F5971162F9}.Release|x86.Build.0 = Release|Any CPU
		{CF316D09-EEAD-4E9F-AEF5-BE10E341CAB7}.Debug|Any CPU.ActiveCfg = Debug|Any CPU
		{CF316D09-EEAD-4E9F-AEF5-BE10E341CAB7}.Debug|Any CPU.Build.0 = Debug|Any CPU
		{CF316D09-EEAD-4E9F-AEF5-BE10E341CAB7}.Debug|Mixed Platforms.ActiveCfg = Debug|Any CPU
		{CF316D09-EEAD-4E9F-AEF5-BE10E341CAB7}.Debug|Mixed Platforms.Build.0 = Debug|Any CPU
		{CF316D09-EEAD-4E9F-AEF5-BE10E341CAB7}.Debug|x86.ActiveCfg = Debug|Any CPU
		{CF316D09-EEAD-4E9F-AEF5-BE10E341CAB7}.Debug|x86.Build.0 = Debug|Any CPU
		{CF316D09-EEAD-4E9F-AEF5-BE10E341CAB7}.Release|Any CPU.ActiveCfg = Release|Any CPU
		{CF316D09-EEAD-4E9F-AEF5-BE10E341CAB7}.Release|Any CPU.Build.0 = Release|Any CPU
		{CF316D09-EEAD-4E9F-AEF5-BE10E341CAB7}.Release|Mixed Platforms.ActiveCfg = Release|Any CPU
		{CF316D09-EEAD-4E9F-AEF5-BE10E341CAB7}.Release|Mixed Platforms.Build.0 = Release|Any CPU
		{CF316D09-EEAD-4E9F-AEF5-BE10E341CAB7}.Release|x86.ActiveCfg = Release|Any CPU
		{CF316D09-EEAD-4E9F-AEF5-BE10E341CAB7}.Release|x86.Build.0 = Release|Any CPU
		{3014AEAB-B113-4D34-A8A9-C88DC6F00B48}.Debug|Any CPU.ActiveCfg = Debug|Any CPU
		{3014AEAB-B113-4D34-A8A9-C88DC6F00B48}.Debug|Any CPU.Build.0 = Debug|Any CPU
		{3014AEAB-B113-4D34-A8A9-C88DC6F00B48}.Debug|Mixed Platforms.ActiveCfg = Debug|Any CPU
		{3014AEAB-B113-4D34-A8A9-C88DC6F00B48}.Debug|Mixed Platforms.Build.0 = Debug|Any CPU
		{3014AEAB-B113-4D34-A8A9-C88DC6F00B48}.Debug|x86.ActiveCfg = Debug|Any CPU
		{3014AEAB-B113-4D34-A8A9-C88DC6F00B48}.Debug|x86.Build.0 = Debug|Any CPU
		{3014AEAB-B113-4D34-A8A9-C88DC6F00B48}.Release|Any CPU.ActiveCfg = Release|Any CPU
		{3014AEAB-B113-4D34-A8A9-C88DC6F00B48}.Release|Any CPU.Build.0 = Release|Any CPU
		{3014AEAB-B113-4D34-A8A9-C88DC6F00B48}.Release|Mixed Platforms.ActiveCfg = Release|Any CPU
		{3014AEAB-B113-4D34-A8A9-C88DC6F00B48}.Release|Mixed Platforms.Build.0 = Release|Any CPU
		{3014AEAB-B113-4D34-A8A9-C88DC6F00B48}.Release|x86.ActiveCfg = Release|Any CPU
		{3014AEAB-B113-4D34-A8A9-C88DC6F00B48}.Release|x86.Build.0 = Release|Any CPU
		{88DB6CEA-C1D8-4CA8-8920-D84FACD56AF9}.Debug|Any CPU.ActiveCfg = Debug|Any CPU
		{88DB6CEA-C1D8-4CA8-8920-D84FACD56AF9}.Debug|Any CPU.Build.0 = Debug|Any CPU
		{88DB6CEA-C1D8-4CA8-8920-D84FACD56AF9}.Debug|Mixed Platforms.ActiveCfg = Debug|Any CPU
		{88DB6CEA-C1D8-4CA8-8920-D84FACD56AF9}.Debug|Mixed Platforms.Build.0 = Debug|Any CPU
		{88DB6CEA-C1D8-4CA8-8920-D84FACD56AF9}.Debug|x86.ActiveCfg = Debug|Any CPU
		{88DB6CEA-C1D8-4CA8-8920-D84FACD56AF9}.Debug|x86.Build.0 = Debug|Any CPU
		{88DB6CEA-C1D8-4CA8-8920-D84FACD56AF9}.Release|Any CPU.ActiveCfg = Release|Any CPU
		{88DB6CEA-C1D8-4CA8-8920-D84FACD56AF9}.Release|Any CPU.Build.0 = Release|Any CPU
		{88DB6CEA-C1D8-4CA8-8920-D84FACD56AF9}.Release|Mixed Platforms.ActiveCfg = Release|Any CPU
		{88DB6CEA-C1D8-4CA8-8920-D84FACD56AF9}.Release|Mixed Platforms.Build.0 = Release|Any CPU
		{88DB6CEA-C1D8-4CA8-8920-D84FACD56AF9}.Release|x86.ActiveCfg = Release|Any CPU
		{88DB6CEA-C1D8-4CA8-8920-D84FACD56AF9}.Release|x86.Build.0 = Release|Any CPU
		{8F302C1F-01D0-4D2F-A921-07927ADB3B9C}.Debug|Any CPU.ActiveCfg = Debug|Any CPU
		{8F302C1F-01D0-4D2F-A921-07927ADB3B9C}.Debug|Any CPU.Build.0 = Debug|Any CPU
		{8F302C1F-01D0-4D2F-A921-07927ADB3B9C}.Debug|Mixed Platforms.ActiveCfg = Debug|Any CPU
		{8F302C1F-01D0-4D2F-A921-07927ADB3B9C}.Debug|Mixed Platforms.Build.0 = Debug|Any CPU
		{8F302C1F-01D0-4D2F-A921-07927ADB3B9C}.Debug|x86.ActiveCfg = Debug|Any CPU
		{8F302C1F-01D0-4D2F-A921-07927ADB3B9C}.Debug|x86.Build.0 = Debug|Any CPU
		{8F302C1F-01D0-4D2F-A921-07927ADB3B9C}.Release|Any CPU.ActiveCfg = Release|Any CPU
		{8F302C1F-01D0-4D2F-A921-07927ADB3B9C}.Release|Any CPU.Build.0 = Release|Any CPU
		{8F302C1F-01D0-4D2F-A921-07927ADB3B9C}.Release|Mixed Platforms.ActiveCfg = Release|Any CPU
		{8F302C1F-01D0-4D2F-A921-07927ADB3B9C}.Release|Mixed Platforms.Build.0 = Release|Any CPU
		{8F302C1F-01D0-4D2F-A921-07927ADB3B9C}.Release|x86.ActiveCfg = Release|Any CPU
		{8F302C1F-01D0-4D2F-A921-07927ADB3B9C}.Release|x86.Build.0 = Release|Any CPU
		{F53E47A2-10C9-4616-A324-BFC822910846}.Debug|Any CPU.ActiveCfg = Debug|Any CPU
		{F53E47A2-10C9-4616-A324-BFC822910846}.Debug|Any CPU.Build.0 = Debug|Any CPU
		{F53E47A2-10C9-4616-A324-BFC822910846}.Debug|Mixed Platforms.ActiveCfg = Debug|Any CPU
		{F53E47A2-10C9-4616-A324-BFC822910846}.Debug|Mixed Platforms.Build.0 = Debug|Any CPU
		{F53E47A2-10C9-4616-A324-BFC822910846}.Debug|x86.ActiveCfg = Debug|Any CPU
		{F53E47A2-10C9-4616-A324-BFC822910846}.Debug|x86.Build.0 = Debug|Any CPU
		{F53E47A2-10C9-4616-A324-BFC822910846}.Release|Any CPU.ActiveCfg = Release|Any CPU
		{F53E47A2-10C9-4616-A324-BFC822910846}.Release|Any CPU.Build.0 = Release|Any CPU
		{F53E47A2-10C9-4616-A324-BFC822910846}.Release|Mixed Platforms.ActiveCfg = Release|Any CPU
		{F53E47A2-10C9-4616-A324-BFC822910846}.Release|Mixed Platforms.Build.0 = Release|Any CPU
		{F53E47A2-10C9-4616-A324-BFC822910846}.Release|x86.ActiveCfg = Release|Any CPU
		{F53E47A2-10C9-4616-A324-BFC822910846}.Release|x86.Build.0 = Release|Any CPU
		{A4ED099C-45D2-46DC-A173-F4E464B1DE28}.Debug|Any CPU.ActiveCfg = Debug|Any CPU
		{A4ED099C-45D2-46DC-A173-F4E464B1DE28}.Debug|Any CPU.Build.0 = Debug|Any CPU
		{A4ED099C-45D2-46DC-A173-F4E464B1DE28}.Debug|Mixed Platforms.ActiveCfg = Debug|Any CPU
		{A4ED099C-45D2-46DC-A173-F4E464B1DE28}.Debug|Mixed Platforms.Build.0 = Debug|Any CPU
		{A4ED099C-45D2-46DC-A173-F4E464B1DE28}.Debug|x86.ActiveCfg = Debug|Any CPU
		{A4ED099C-45D2-46DC-A173-F4E464B1DE28}.Debug|x86.Build.0 = Debug|Any CPU
		{A4ED099C-45D2-46DC-A173-F4E464B1DE28}.Release|Any CPU.ActiveCfg = Release|Any CPU
		{A4ED099C-45D2-46DC-A173-F4E464B1DE28}.Release|Any CPU.Build.0 = Release|Any CPU
		{A4ED099C-45D2-46DC-A173-F4E464B1DE28}.Release|Mixed Platforms.ActiveCfg = Release|Any CPU
		{A4ED099C-45D2-46DC-A173-F4E464B1DE28}.Release|Mixed Platforms.Build.0 = Release|Any CPU
		{A4ED099C-45D2-46DC-A173-F4E464B1DE28}.Release|x86.ActiveCfg = Release|Any CPU
		{A4ED099C-45D2-46DC-A173-F4E464B1DE28}.Release|x86.Build.0 = Release|Any CPU
		{B0EE4264-D664-4179-B072-06EE9DFE6228}.Debug|Any CPU.ActiveCfg = Debug|Any CPU
		{B0EE4264-D664-4179-B072-06EE9DFE6228}.Debug|Any CPU.Build.0 = Debug|Any CPU
		{B0EE4264-D664-4179-B072-06EE9DFE6228}.Debug|Mixed Platforms.ActiveCfg = Debug|Any CPU
		{B0EE4264-D664-4179-B072-06EE9DFE6228}.Debug|Mixed Platforms.Build.0 = Debug|Any CPU
		{B0EE4264-D664-4179-B072-06EE9DFE6228}.Debug|x86.ActiveCfg = Debug|Any CPU
		{B0EE4264-D664-4179-B072-06EE9DFE6228}.Debug|x86.Build.0 = Debug|Any CPU
		{B0EE4264-D664-4179-B072-06EE9DFE6228}.Release|Any CPU.ActiveCfg = Release|Any CPU
		{B0EE4264-D664-4179-B072-06EE9DFE6228}.Release|Any CPU.Build.0 = Release|Any CPU
		{B0EE4264-D664-4179-B072-06EE9DFE6228}.Release|Mixed Platforms.ActiveCfg = Release|Any CPU
		{B0EE4264-D664-4179-B072-06EE9DFE6228}.Release|Mixed Platforms.Build.0 = Release|Any CPU
		{B0EE4264-D664-4179-B072-06EE9DFE6228}.Release|x86.ActiveCfg = Release|Any CPU
		{B0EE4264-D664-4179-B072-06EE9DFE6228}.Release|x86.Build.0 = Release|Any CPU
		{B309E324-C5EB-4C31-96CF-5E578AC11CB3}.Debug|Any CPU.ActiveCfg = Debug|Any CPU
		{B309E324-C5EB-4C31-96CF-5E578AC11CB3}.Debug|Any CPU.Build.0 = Debug|Any CPU
		{B309E324-C5EB-4C31-96CF-5E578AC11CB3}.Debug|Mixed Platforms.ActiveCfg = Debug|Any CPU
		{B309E324-C5EB-4C31-96CF-5E578AC11CB3}.Debug|Mixed Platforms.Build.0 = Debug|Any CPU
		{B309E324-C5EB-4C31-96CF-5E578AC11CB3}.Debug|x86.ActiveCfg = Debug|Any CPU
		{B309E324-C5EB-4C31-96CF-5E578AC11CB3}.Debug|x86.Build.0 = Debug|Any CPU
		{B309E324-C5EB-4C31-96CF-5E578AC11CB3}.Release|Any CPU.ActiveCfg = Release|Any CPU
		{B309E324-C5EB-4C31-96CF-5E578AC11CB3}.Release|Any CPU.Build.0 = Release|Any CPU
		{B309E324-C5EB-4C31-96CF-5E578AC11CB3}.Release|Mixed Platforms.ActiveCfg = Release|Any CPU
		{B309E324-C5EB-4C31-96CF-5E578AC11CB3}.Release|Mixed Platforms.Build.0 = Release|Any CPU
		{B309E324-C5EB-4C31-96CF-5E578AC11CB3}.Release|x86.ActiveCfg = Release|Any CPU
		{B309E324-C5EB-4C31-96CF-5E578AC11CB3}.Release|x86.Build.0 = Release|Any CPU
		{34E85712-FA76-42AE-BB3B-67BF3DE38E24}.Debug|Any CPU.ActiveCfg = Debug|Any CPU
		{34E85712-FA76-42AE-BB3B-67BF3DE38E24}.Debug|Any CPU.Build.0 = Debug|Any CPU
		{34E85712-FA76-42AE-BB3B-67BF3DE38E24}.Debug|Mixed Platforms.ActiveCfg = Debug|Any CPU
		{34E85712-FA76-42AE-BB3B-67BF3DE38E24}.Debug|Mixed Platforms.Build.0 = Debug|Any CPU
		{34E85712-FA76-42AE-BB3B-67BF3DE38E24}.Debug|x86.ActiveCfg = Debug|Any CPU
		{34E85712-FA76-42AE-BB3B-67BF3DE38E24}.Debug|x86.Build.0 = Debug|Any CPU
		{34E85712-FA76-42AE-BB3B-67BF3DE38E24}.Release|Any CPU.ActiveCfg = Release|Any CPU
		{34E85712-FA76-42AE-BB3B-67BF3DE38E24}.Release|Any CPU.Build.0 = Release|Any CPU
		{34E85712-FA76-42AE-BB3B-67BF3DE38E24}.Release|Mixed Platforms.ActiveCfg = Release|Any CPU
		{34E85712-FA76-42AE-BB3B-67BF3DE38E24}.Release|Mixed Platforms.Build.0 = Release|Any CPU
		{34E85712-FA76-42AE-BB3B-67BF3DE38E24}.Release|x86.ActiveCfg = Release|Any CPU
		{34E85712-FA76-42AE-BB3B-67BF3DE38E24}.Release|x86.Build.0 = Release|Any CPU
		{9335DB17-CFFB-4C95-AE99-B23E1DE7AE7E}.Debug|Any CPU.ActiveCfg = Debug|Any CPU
		{9335DB17-CFFB-4C95-AE99-B23E1DE7AE7E}.Debug|Any CPU.Build.0 = Debug|Any CPU
		{9335DB17-CFFB-4C95-AE99-B23E1DE7AE7E}.Debug|Mixed Platforms.ActiveCfg = Debug|Any CPU
		{9335DB17-CFFB-4C95-AE99-B23E1DE7AE7E}.Debug|Mixed Platforms.Build.0 = Debug|Any CPU
		{9335DB17-CFFB-4C95-AE99-B23E1DE7AE7E}.Debug|x86.ActiveCfg = Debug|Any CPU
		{9335DB17-CFFB-4C95-AE99-B23E1DE7AE7E}.Debug|x86.Build.0 = Debug|Any CPU
		{9335DB17-CFFB-4C95-AE99-B23E1DE7AE7E}.Release|Any CPU.ActiveCfg = Release|Any CPU
		{9335DB17-CFFB-4C95-AE99-B23E1DE7AE7E}.Release|Any CPU.Build.0 = Release|Any CPU
		{9335DB17-CFFB-4C95-AE99-B23E1DE7AE7E}.Release|Mixed Platforms.ActiveCfg = Release|Any CPU
		{9335DB17-CFFB-4C95-AE99-B23E1DE7AE7E}.Release|Mixed Platforms.Build.0 = Release|Any CPU
		{9335DB17-CFFB-4C95-AE99-B23E1DE7AE7E}.Release|x86.ActiveCfg = Release|Any CPU
		{9335DB17-CFFB-4C95-AE99-B23E1DE7AE7E}.Release|x86.Build.0 = Release|Any CPU
		{0735C456-1380-4BFA-9601-C652AA50D340}.Debug|Any CPU.ActiveCfg = Debug|Any CPU
		{0735C456-1380-4BFA-9601-C652AA50D340}.Debug|Any CPU.Build.0 = Debug|Any CPU
		{0735C456-1380-4BFA-9601-C652AA50D340}.Debug|Mixed Platforms.ActiveCfg = Debug|Any CPU
		{0735C456-1380-4BFA-9601-C652AA50D340}.Debug|Mixed Platforms.Build.0 = Debug|Any CPU
		{0735C456-1380-4BFA-9601-C652AA50D340}.Debug|x86.ActiveCfg = Debug|Any CPU
		{0735C456-1380-4BFA-9601-C652AA50D340}.Debug|x86.Build.0 = Debug|Any CPU
		{0735C456-1380-4BFA-9601-C652AA50D340}.Release|Any CPU.ActiveCfg = Release|Any CPU
		{0735C456-1380-4BFA-9601-C652AA50D340}.Release|Any CPU.Build.0 = Release|Any CPU
		{0735C456-1380-4BFA-9601-C652AA50D340}.Release|Mixed Platforms.ActiveCfg = Release|Any CPU
		{0735C456-1380-4BFA-9601-C652AA50D340}.Release|Mixed Platforms.Build.0 = Release|Any CPU
		{0735C456-1380-4BFA-9601-C652AA50D340}.Release|x86.ActiveCfg = Release|Any CPU
		{0735C456-1380-4BFA-9601-C652AA50D340}.Release|x86.Build.0 = Release|Any CPU
		{EEC93D34-CCB4-48C5-A343-0199A860F4DD}.Debug|Any CPU.ActiveCfg = Debug|Any CPU
		{EEC93D34-CCB4-48C5-A343-0199A860F4DD}.Debug|Any CPU.Build.0 = Debug|Any CPU
		{EEC93D34-CCB4-48C5-A343-0199A860F4DD}.Debug|Mixed Platforms.ActiveCfg = Debug|Any CPU
		{EEC93D34-CCB4-48C5-A343-0199A860F4DD}.Debug|Mixed Platforms.Build.0 = Debug|Any CPU
		{EEC93D34-CCB4-48C5-A343-0199A860F4DD}.Debug|x86.ActiveCfg = Debug|Any CPU
		{EEC93D34-CCB4-48C5-A343-0199A860F4DD}.Debug|x86.Build.0 = Debug|Any CPU
		{EEC93D34-CCB4-48C5-A343-0199A860F4DD}.Release|Any CPU.ActiveCfg = Release|Any CPU
		{EEC93D34-CCB4-48C5-A343-0199A860F4DD}.Release|Any CPU.Build.0 = Release|Any CPU
		{EEC93D34-CCB4-48C5-A343-0199A860F4DD}.Release|Mixed Platforms.ActiveCfg = Release|Any CPU
		{EEC93D34-CCB4-48C5-A343-0199A860F4DD}.Release|Mixed Platforms.Build.0 = Release|Any CPU
		{EEC93D34-CCB4-48C5-A343-0199A860F4DD}.Release|x86.ActiveCfg = Release|Any CPU
		{EEC93D34-CCB4-48C5-A343-0199A860F4DD}.Release|x86.Build.0 = Release|Any CPU
		{E0609CD5-AFAD-4558-B305-227CCAA768FB}.Debug|Any CPU.ActiveCfg = Debug|Any CPU
		{E0609CD5-AFAD-4558-B305-227CCAA768FB}.Debug|Any CPU.Build.0 = Debug|Any CPU
		{E0609CD5-AFAD-4558-B305-227CCAA768FB}.Debug|Mixed Platforms.ActiveCfg = Debug|Any CPU
		{E0609CD5-AFAD-4558-B305-227CCAA768FB}.Debug|Mixed Platforms.Build.0 = Debug|Any CPU
		{E0609CD5-AFAD-4558-B305-227CCAA768FB}.Debug|x86.ActiveCfg = Debug|Any CPU
		{E0609CD5-AFAD-4558-B305-227CCAA768FB}.Debug|x86.Build.0 = Debug|Any CPU
		{E0609CD5-AFAD-4558-B305-227CCAA768FB}.Release|Any CPU.ActiveCfg = Release|Any CPU
		{E0609CD5-AFAD-4558-B305-227CCAA768FB}.Release|Any CPU.Build.0 = Release|Any CPU
		{E0609CD5-AFAD-4558-B305-227CCAA768FB}.Release|Mixed Platforms.ActiveCfg = Release|Any CPU
		{E0609CD5-AFAD-4558-B305-227CCAA768FB}.Release|Mixed Platforms.Build.0 = Release|Any CPU
		{E0609CD5-AFAD-4558-B305-227CCAA768FB}.Release|x86.ActiveCfg = Release|Any CPU
		{E0609CD5-AFAD-4558-B305-227CCAA768FB}.Release|x86.Build.0 = Release|Any CPU
		{365CFE19-FB74-4A16-A500-76B6C18A1A10}.Debug|Any CPU.ActiveCfg = Debug|Any CPU
		{365CFE19-FB74-4A16-A500-76B6C18A1A10}.Debug|Any CPU.Build.0 = Debug|Any CPU
		{365CFE19-FB74-4A16-A500-76B6C18A1A10}.Debug|Mixed Platforms.ActiveCfg = Debug|Any CPU
		{365CFE19-FB74-4A16-A500-76B6C18A1A10}.Debug|Mixed Platforms.Build.0 = Debug|Any CPU
		{365CFE19-FB74-4A16-A500-76B6C18A1A10}.Debug|x86.ActiveCfg = Debug|Any CPU
		{365CFE19-FB74-4A16-A500-76B6C18A1A10}.Debug|x86.Build.0 = Debug|Any CPU
		{365CFE19-FB74-4A16-A500-76B6C18A1A10}.Release|Any CPU.ActiveCfg = Release|Any CPU
		{365CFE19-FB74-4A16-A500-76B6C18A1A10}.Release|Any CPU.Build.0 = Release|Any CPU
		{365CFE19-FB74-4A16-A500-76B6C18A1A10}.Release|Mixed Platforms.ActiveCfg = Release|Any CPU
		{365CFE19-FB74-4A16-A500-76B6C18A1A10}.Release|Mixed Platforms.Build.0 = Release|Any CPU
		{365CFE19-FB74-4A16-A500-76B6C18A1A10}.Release|x86.ActiveCfg = Release|Any CPU
		{365CFE19-FB74-4A16-A500-76B6C18A1A10}.Release|x86.Build.0 = Release|Any CPU
		{C326F026-D7A4-4429-A423-07593C1441BB}.Debug|Any CPU.ActiveCfg = Debug|Any CPU
		{C326F026-D7A4-4429-A423-07593C1441BB}.Debug|Any CPU.Build.0 = Debug|Any CPU
		{C326F026-D7A4-4429-A423-07593C1441BB}.Debug|Mixed Platforms.ActiveCfg = Debug|Any CPU
		{C326F026-D7A4-4429-A423-07593C1441BB}.Debug|Mixed Platforms.Build.0 = Debug|Any CPU
		{C326F026-D7A4-4429-A423-07593C1441BB}.Debug|x86.ActiveCfg = Debug|Any CPU
		{C326F026-D7A4-4429-A423-07593C1441BB}.Debug|x86.Build.0 = Debug|Any CPU
		{C326F026-D7A4-4429-A423-07593C1441BB}.Release|Any CPU.ActiveCfg = Release|Any CPU
		{C326F026-D7A4-4429-A423-07593C1441BB}.Release|Any CPU.Build.0 = Release|Any CPU
		{C326F026-D7A4-4429-A423-07593C1441BB}.Release|Mixed Platforms.ActiveCfg = Release|Any CPU
		{C326F026-D7A4-4429-A423-07593C1441BB}.Release|Mixed Platforms.Build.0 = Release|Any CPU
		{C326F026-D7A4-4429-A423-07593C1441BB}.Release|x86.ActiveCfg = Release|Any CPU
		{C326F026-D7A4-4429-A423-07593C1441BB}.Release|x86.Build.0 = Release|Any CPU
		{3192E0D6-7BA1-443E-98F8-7DA6AA54A533}.Debug|Any CPU.ActiveCfg = Debug|Any CPU
		{3192E0D6-7BA1-443E-98F8-7DA6AA54A533}.Debug|Any CPU.Build.0 = Debug|Any CPU
		{3192E0D6-7BA1-443E-98F8-7DA6AA54A533}.Debug|Mixed Platforms.ActiveCfg = Debug|Any CPU
		{3192E0D6-7BA1-443E-98F8-7DA6AA54A533}.Debug|Mixed Platforms.Build.0 = Debug|Any CPU
		{3192E0D6-7BA1-443E-98F8-7DA6AA54A533}.Debug|x86.ActiveCfg = Debug|Any CPU
		{3192E0D6-7BA1-443E-98F8-7DA6AA54A533}.Debug|x86.Build.0 = Debug|Any CPU
		{3192E0D6-7BA1-443E-98F8-7DA6AA54A533}.Release|Any CPU.ActiveCfg = Release|Any CPU
		{3192E0D6-7BA1-443E-98F8-7DA6AA54A533}.Release|Any CPU.Build.0 = Release|Any CPU
		{3192E0D6-7BA1-443E-98F8-7DA6AA54A533}.Release|Mixed Platforms.ActiveCfg = Release|Any CPU
		{3192E0D6-7BA1-443E-98F8-7DA6AA54A533}.Release|Mixed Platforms.Build.0 = Release|Any CPU
		{3192E0D6-7BA1-443E-98F8-7DA6AA54A533}.Release|x86.ActiveCfg = Release|Any CPU
		{3192E0D6-7BA1-443E-98F8-7DA6AA54A533}.Release|x86.Build.0 = Release|Any CPU
	EndGlobalSection
	GlobalSection(SolutionProperties) = preSolution
		HideSolutionNode = FALSE
	EndGlobalSection
	GlobalSection(NestedProjects) = preSolution
		{A4B7A3CC-4D00-4770-AF42-C6BF17F401ED} = {9C6BD4CE-19BE-4A56-8A66-271AB1AF9D50}
		{1DAF924B-69F8-4216-B14E-A8B91A98074E} = {3207F897-81F4-46B3-B43A-5BF758824AF5}
		{7758464B-D1C4-44DE-8784-4BFA60A8988A} = {3207F897-81F4-46B3-B43A-5BF758824AF5}
		{BF46D33E-D9D3-4733-A937-9A324D4BE006} = {3207F897-81F4-46B3-B43A-5BF758824AF5}
		{38D6EB7C-DDA1-4C3B-9C0A-5D16B6E0D0A8} = {3207F897-81F4-46B3-B43A-5BF758824AF5}
		{DC51B794-314F-4F21-B3DD-D55DE55B0383} = {3207F897-81F4-46B3-B43A-5BF758824AF5}
		{3F1825F7-2268-4E31-89B5-FB59BF412A4E} = {3207F897-81F4-46B3-B43A-5BF758824AF5}
		{4E8B674D-FB68-42C6-A1A6-A79664E29AB8} = {3207F897-81F4-46B3-B43A-5BF758824AF5}
		{0D858C57-CCEC-4669-A053-4DA33F8A3D29} = {3207F897-81F4-46B3-B43A-5BF758824AF5}
		{8706503A-9934-4A8D-9B92-B1455DFBBB54} = {B38C0126-266A-4BEF-B7EB-CB55BB4FE412}
		{241ED078-EF7A-4692-8147-BE9AF47D74F0} = {B38C0126-266A-4BEF-B7EB-CB55BB4FE412}
		{87D63522-D4D3-401A-B734-EF0B3F5767A4} = {9C6BD4CE-19BE-4A56-8A66-271AB1AF9D50}
		{1248CD0E-1886-47C2-B4EE-4EF2AAA88282} = {3207F897-81F4-46B3-B43A-5BF758824AF5}
		{A326E3E4-4175-452D-BA98-93F5971162F9} = {3207F897-81F4-46B3-B43A-5BF758824AF5}
		{CF316D09-EEAD-4E9F-AEF5-BE10E341CAB7} = {1498042D-7594-4957-B9B7-2AD96443FADD}
		{3014AEAB-B113-4D34-A8A9-C88DC6F00B48} = {1498042D-7594-4957-B9B7-2AD96443FADD}
		{88DB6CEA-C1D8-4CA8-8920-D84FACD56AF9} = {1498042D-7594-4957-B9B7-2AD96443FADD}
		{8F302C1F-01D0-4D2F-A921-07927ADB3B9C} = {9C6BD4CE-19BE-4A56-8A66-271AB1AF9D50}
		{F53E47A2-10C9-4616-A324-BFC822910846} = {9C6BD4CE-19BE-4A56-8A66-271AB1AF9D50}
		{A4ED099C-45D2-46DC-A173-F4E464B1DE28} = {9C6BD4CE-19BE-4A56-8A66-271AB1AF9D50}
		{B0EE4264-D664-4179-B072-06EE9DFE6228} = {9C6BD4CE-19BE-4A56-8A66-271AB1AF9D50}
		{B309E324-C5EB-4C31-96CF-5E578AC11CB3} = {9C6BD4CE-19BE-4A56-8A66-271AB1AF9D50}
		{34E85712-FA76-42AE-BB3B-67BF3DE38E24} = {416AA760-23CB-49C2-88DA-1754EF57FA9A}
		{9335DB17-CFFB-4C95-AE99-B23E1DE7AE7E} = {416AA760-23CB-49C2-88DA-1754EF57FA9A}
		{0735C456-1380-4BFA-9601-C652AA50D340} = {416AA760-23CB-49C2-88DA-1754EF57FA9A}
		{EEC93D34-CCB4-48C5-A343-0199A860F4DD} = {4F7310B1-D33E-4CD8-B88F-08A01EAD0FB6}
		{E0609CD5-AFAD-4558-B305-227CCAA768FB} = {4F7310B1-D33E-4CD8-B88F-08A01EAD0FB6}
		{365CFE19-FB74-4A16-A500-76B6C18A1A10} = {4F7310B1-D33E-4CD8-B88F-08A01EAD0FB6}
		{C326F026-D7A4-4429-A423-07593C1441BB} = {9C6BD4CE-19BE-4A56-8A66-271AB1AF9D50}
		{3192E0D6-7BA1-443E-98F8-7DA6AA54A533} = {9C6BD4CE-19BE-4A56-8A66-271AB1AF9D50}
	EndGlobalSection
	GlobalSection(ExtensibilityGlobals) = postSolution
		SolutionGuid = {C3A0C280-A4D2-48C7-AD0D-A202F32659EB}
	EndGlobalSection
EndGlobal
